
Microsoft Visual Studio Solution File, Format Version 12.00
# Visual Studio Version 16
VisualStudioVersion = 16.0.31515.178
MinimumVisualStudioVersion = 10.0.40219.1
Project("{FAE04EC0-301F-11D3-BF4B-00C04F79EFBC}") = "TSoftDemoWebCallAPI", "TSoftDemoWebCallAPI\TSoftDemoWebCallAPI.csproj", "{2CCA2EE6-ECF9-4718-843A-FEE19F0A5106}"
EndProject
Global
	GlobalSection(SolutionConfigurationPlatforms) = preSolution
		Debug|Any CPU = Debug|Any CPU
		Release|Any CPU = Release|Any CPU
	EndGlobalSection
	GlobalSection(ProjectConfigurationPlatforms) = postSolution
		{2CCA2EE6-ECF9-4718-843A-FEE19F0A5106}.Debug|Any CPU.ActiveCfg = Debug|Any CPU
		{2CCA2EE6-ECF9-4718-843A-FEE19F0A5106}.Debug|Any CPU.Build.0 = Debug|Any CPU
		{2CCA2EE6-ECF9-4718-843A-FEE19F0A5106}.Release|Any CPU.ActiveCfg = Release|Any CPU
		{2CCA2EE6-ECF9-4718-843A-FEE19F0A5106}.Release|Any CPU.Build.0 = Release|Any CPU
	EndGlobalSection
	GlobalSection(SolutionProperties) = preSolution
		HideSolutionNode = FALSE
	EndGlobalSection
	GlobalSection(ExtensibilityGlobals) = postSolution
		SolutionGuid = {A4DA1CDA-8D72-40CA-AB62-77A1203E660F}
	EndGlobalSection
EndGlobal
