
Microsoft Visual Studio Solution File, Format Version 12.00
# Visual Studio Version 16
VisualStudioVersion = 16.0.31515.178
MinimumVisualStudioVersion = 10.0.40219.1
Project("{FAE04EC0-301F-11D3-BF4B-00C04F79EFBC}") = "TSoftAddProduct", "TSoftAddProduct\TSoftAddProduct.csproj", "{43E982AC-ECDA-4483-8713-62E92EC9A9B2}"
EndProject
Project("{FAE04EC0-301F-11D3-BF4B-00C04F79EFBC}") = "TSoftUpdateProduct", "TSoftUpdateProduct\TSoftUpdateProduct.csproj", "{EDD4B6A2-B5CC-4AD4-AE67-0B44D0AF2177}"
EndProject
Global
	GlobalSection(SolutionConfigurationPlatforms) = preSolution
		Debug|Any CPU = Debug|Any CPU
		Release|Any CPU = Release|Any CPU
	EndGlobalSection
	GlobalSection(ProjectConfigurationPlatforms) = postSolution
		{43E982AC-ECDA-4483-8713-62E92EC9A9B2}.Debug|Any CPU.ActiveCfg = Debug|Any CPU
		{43E982AC-ECDA-4483-8713-62E92EC9A9B2}.Debug|Any CPU.Build.0 = Debug|Any CPU
		{43E982AC-ECDA-4483-8713-62E92EC9A9B2}.Release|Any CPU.ActiveCfg = Release|Any CPU
		{43E982AC-ECDA-4483-8713-62E92EC9A9B2}.Release|Any CPU.Build.0 = Release|Any CPU
		{EDD4B6A2-B5CC-4AD4-AE67-0B44D0AF2177}.Debug|Any CPU.ActiveCfg = Debug|Any CPU
		{EDD4B6A2-B5CC-4AD4-AE67-0B44D0AF2177}.Debug|Any CPU.Build.0 = Debug|Any CPU
		{EDD4B6A2-B5CC-4AD4-AE67-0B44D0AF2177}.Release|Any CPU.ActiveCfg = Release|Any CPU
		{EDD4B6A2-B5CC-4AD4-AE67-0B44D0AF2177}.Release|Any CPU.Build.0 = Release|Any CPU
	EndGlobalSection
	GlobalSection(SolutionProperties) = preSolution
		HideSolutionNode = FALSE
	EndGlobalSection
	GlobalSection(ExtensibilityGlobals) = postSolution
		SolutionGuid = {54B894A1-3F4A-4AE3-A813-E217EEDDD4B7}
	EndGlobalSection
EndGlobal
