
Microsoft Visual Studio Solution File, Format Version 12.00
# Visual Studio Version 16
VisualStudioVersion = 16.0.31515.178
MinimumVisualStudioVersion = 10.0.40219.1
Project("{FAE04EC0-301F-11D3-BF4B-00C04F79EFBC}") = "Entities", "Entities\Entities.csproj", "{16AA41AA-ECC5-49D1-94FB-23E76F1F98C9}"
EndProject
Project("{FAE04EC0-301F-11D3-BF4B-00C04F79EFBC}") = "Core", "Core\Core.csproj", "{5E95F911-09A3-4972-BD26-927A59DF04EC}"
EndProject
Project("{FAE04EC0-301F-11D3-BF4B-00C04F79EFBC}") = "DataAccess", "DataAccess\DataAccess.csproj", "{1D46E153-BB62-447E-A5F9-D0C50BBCF94F}"
EndProject
Project("{FAE04EC0-301F-11D3-BF4B-00C04F79EFBC}") = "ConsoleTestUI", "ConsoleTestUI\ConsoleTestUI.csproj", "{09E7AC7D-6FB0-47A3-8708-4B82B342C3E3}"
EndProject
Project("{FAE04EC0-301F-11D3-BF4B-00C04F79EFBC}") = "Bussines", "Bussines\Bussines.csproj", "{1632EA28-B757-46DB-9379-9D1C83CF5F06}"
EndProject
Global
	GlobalSection(SolutionConfigurationPlatforms) = preSolution
		Debug|Any CPU = Debug|Any CPU
		Release|Any CPU = Release|Any CPU
	EndGlobalSection
	GlobalSection(ProjectConfigurationPlatforms) = postSolution
		{16AA41AA-ECC5-49D1-94FB-23E76F1F98C9}.Debug|Any CPU.ActiveCfg = Debug|Any CPU
		{16AA41AA-ECC5-49D1-94FB-23E76F1F98C9}.Debug|Any CPU.Build.0 = Debug|Any CPU
		{16AA41AA-ECC5-49D1-94FB-23E76F1F98C9}.Release|Any CPU.ActiveCfg = Release|Any CPU
		{16AA41AA-ECC5-49D1-94FB-23E76F1F98C9}.Release|Any CPU.Build.0 = Release|Any CPU
		{5E95F911-09A3-4972-BD26-927A59DF04EC}.Debug|Any CPU.ActiveCfg = Debug|Any CPU
		{5E95F911-09A3-4972-BD26-927A59DF04EC}.Debug|Any CPU.Build.0 = Debug|Any CPU
		{5E95F911-09A3-4972-BD26-927A59DF04EC}.Release|Any CPU.ActiveCfg = Release|Any CPU
		{5E95F911-09A3-4972-BD26-927A59DF04EC}.Release|Any CPU.Build.0 = Release|Any CPU
		{1D46E153-BB62-447E-A5F9-D0C50BBCF94F}.Debug|Any CPU.ActiveCfg = Debug|Any CPU
		{1D46E153-BB62-447E-A5F9-D0C50BBCF94F}.Debug|Any CPU.Build.0 = Debug|Any CPU
		{1D46E153-BB62-447E-A5F9-D0C50BBCF94F}.Release|Any CPU.ActiveCfg = Release|Any CPU
		{1D46E153-BB62-447E-A5F9-D0C50BBCF94F}.Release|Any CPU.Build.0 = Release|Any CPU
		{09E7AC7D-6FB0-47A3-8708-4B82B342C3E3}.Debug|Any CPU.ActiveCfg = Debug|Any CPU
		{09E7AC7D-6FB0-47A3-8708-4B82B342C3E3}.Debug|Any CPU.Build.0 = Debug|Any CPU
		{09E7AC7D-6FB0-47A3-8708-4B82B342C3E3}.Release|Any CPU.ActiveCfg = Release|Any CPU
		{09E7AC7D-6FB0-47A3-8708-4B82B342C3E3}.Release|Any CPU.Build.0 = Release|Any CPU
		{1632EA28-B757-46DB-9379-9D1C83CF5F06}.Debug|Any CPU.ActiveCfg = Debug|Any CPU
		{1632EA28-B757-46DB-9379-9D1C83CF5F06}.Debug|Any CPU.Build.0 = Debug|Any CPU
		{1632EA28-B757-46DB-9379-9D1C83CF5F06}.Release|Any CPU.ActiveCfg = Release|Any CPU
		{1632EA28-B757-46DB-9379-9D1C83CF5F06}.Release|Any CPU.Build.0 = Release|Any CPU
	EndGlobalSection
	GlobalSection(SolutionProperties) = preSolution
		HideSolutionNode = FALSE
	EndGlobalSection
	GlobalSection(ExtensibilityGlobals) = postSolution
		SolutionGuid = {155BEB48-B238-46AB-BC2F-AD7E046E6611}
	EndGlobalSection
EndGlobal
